// !$*UTF8*$!
{
	archiveVersion = 1;
	classes = {
	};
	objectVersion = 46;
	objects = {

/* Begin PBXBuildFile section */
		D63906191C5FBD110050CFCA /* AppDelegate.swift in Sources */ = {isa = PBXBuildFile; fileRef = D63906181C5FBD110050CFCA /* AppDelegate.swift */; };
		D639061B1C5FBD110050CFCA /* ViewController.swift in Sources */ = {isa = PBXBuildFile; fileRef = D639061A1C5FBD110050CFCA /* ViewController.swift */; };
		D639061E1C5FBD110050CFCA /* Main.storyboard in Resources */ = {isa = PBXBuildFile; fileRef = D639061C1C5FBD110050CFCA /* Main.storyboard */; };
		D63906201C5FBD110050CFCA /* Assets.xcassets in Resources */ = {isa = PBXBuildFile; fileRef = D639061F1C5FBD110050CFCA /* Assets.xcassets */; };
		D63906231C5FBD110050CFCA /* LaunchScreen.storyboard in Resources */ = {isa = PBXBuildFile; fileRef = D63906211C5FBD110050CFCA /* LaunchScreen.storyboard */; };
/* End PBXBuildFile section */

/* Begin PBXFileReference section */
		D63906151C5FBD110050CFCA /* AutoLayout UIStackView in UIScrollView.app */ = {isa = PBXFileReference; explicitFileType = wrapper.application; includeInIndex = 0; path = "AutoLayout UIStackView in UIScrollView.app"; sourceTree = BUILT_PRODUCTS_DIR; };
		D63906181C5FBD110050CFCA /* AppDelegate.swift */ = {isa = PBXFileReference; lastKnownFileType = sourcecode.swift; path = AppDelegate.swift; sourceTree = "<group>"; };
		D639061A1C5FBD110050CFCA /* ViewController.swift */ = {isa = PBXFileReference; lastKnownFileType = sourcecode.swift; path = ViewController.swift; sourceTree = "<group>"; };
		D639061D1C5FBD110050CFCA /* Base */ = {isa = PBXFileReference; lastKnownFileType = file.storyboard; name = Base; path = Base.lproj/Main.storyboard; sourceTree = "<group>"; };
		D639061F1C5FBD110050CFCA /* Assets.xcassets */ = {isa = PBXFileReference; lastKnownFileType = folder.assetcatalog; path = Assets.xcassets; sourceTree = "<group>"; };
		D63906221C5FBD110050CFCA /* Base */ = {isa = PBXFileReference; lastKnownFileType = file.storyboard; name = Base; path = Base.lproj/LaunchScreen.storyboard; sourceTree = "<group>"; };
		D63906241C5FBD110050CFCA /* Info.plist */ = {isa = PBXFileReference; lastKnownFileType = text.plist.xml; path = Info.plist; sourceTree = "<group>"; };
/* End PBXFileReference section */

/* Begin PBXFrameworksBuildPhase section */
		D63906121C5FBD110050CFCA /* Frameworks */ = {
			isa = PBXFrameworksBuildPhase;
			buildActionMask = 2147483647;
			files = (
			);
			runOnlyForDeploymentPostprocessing = 0;
		};
/* End PBXFrameworksBuildPhase section */

/* Begin PBXGroup section */
		D639060C1C5FBD110050CFCA = {
			isa = PBXGroup;
			children = (
				D63906171C5FBD110050CFCA /* AutoLayout UIStackView in UIScrollView */,
				D63906161C5FBD110050CFCA /* Products */,
			);
			sourceTree = "<group>";
		};
		D63906161C5FBD110050CFCA /* Products */ = {
			isa = PBXGroup;
			children = (
				D63906151C5FBD110050CFCA /* AutoLayout UIStackView in UIScrollView.app */,
			);
			name = Products;
			sourceTree = "<group>";
		};
		D63906171C5FBD110050CFCA /* AutoLayout UIStackView in UIScrollView */ = {
			isa = PBXGroup;
			children = (
				D63906181C5FBD110050CFCA /* AppDelegate.swift */,
				D639061A1C5FBD110050CFCA /* ViewController.swift */,
				D639061C1C5FBD110050CFCA /* Main.storyboard */,
				D639061F1C5FBD110050CFCA /* Assets.xcassets */,
				D63906211C5FBD110050CFCA /* LaunchScreen.storyboard */,
				D63906241C5FBD110050CFCA /* Info.plist */,
			);
			path = "AutoLayout UIStackView in UIScrollView";
			sourceTree = "<group>";
		};
/* End PBXGroup section */

/* Begin PBXNativeTarget section */
		D63906141C5FBD110050CFCA /* AutoLayout UIStackView in UIScrollView */ = {
			isa = PBXNativeTarget;
			buildConfigurationList = D63906271C5FBD110050CFCA /* Build configuration list for PBXNativeTarget "AutoLayout UIStackView in UIScrollView" */;
			buildPhases = (
				D63906111C5FBD110050CFCA /* Sources */,
				D63906121C5FBD110050CFCA /* Frameworks */,
				D63906131C5FBD110050CFCA /* Resources */,
			);
			buildRules = (
			);
			dependencies = (
			);
			name = "AutoLayout UIStackView in UIScrollView";
			productName = "AutoLayout UIStackView in UIScrollView";
			productReference = D63906151C5FBD110050CFCA /* AutoLayout UIStackView in UIScrollView.app */;
			productType = "com.apple.product-type.application";
		};
/* End PBXNativeTarget section */

/* Begin PBXProject section */
		D639060D1C5FBD110050CFCA /* Project object */ = {
			isa = PBXProject;
			attributes = {
				LastSwiftUpdateCheck = 0720;
				LastUpgradeCheck = 0920;
				ORGANIZATIONNAME = "Arjan van der Laan";
				TargetAttributes = {
					D63906141C5FBD110050CFCA = {
						CreatedOnToolsVersion = 7.2;
						LastSwiftMigration = 0920;
					};
				};
			};
			buildConfigurationList = D63906101C5FBD110050CFCA /* Build configuration list for PBXProject "AutoLayout UIStackView in UIScrollView" */;
			compatibilityVersion = "Xcode 3.2";
			developmentRegion = English;
			hasScannedForEncodings = 0;
			knownRegions = (
				en,
				Base,
			);
			mainGroup = D639060C1C5FBD110050CFCA;
			productRefGroup = D63906161C5FBD110050CFCA /* Products */;
			projectDirPath = "";
			projectRoot = "";
			targets = (
				D63906141C5FBD110050CFCA /* AutoLayout UIStackView in UIScrollView */,
			);
		};
/* End PBXProject section */

/* Begin PBXResourcesBuildPhase section */
		D63906131C5FBD110050CFCA /* Resources */ = {
			isa = PBXResourcesBuildPhase;
			buildActionMask = 2147483647;
			files = (
				D63906231C5FBD110050CFCA /* LaunchScreen.storyboard in Resources */,
				D63906201C5FBD110050CFCA /* Assets.xcassets in Resources */,
				D639061E1C5FBD110050CFCA /* Main.storyboard in Resources */,
			);
			runOnlyForDeploymentPostprocessing = 0;
		};
/* End PBXResourcesBuildPhase section */

/* Begin PBXSourcesBuildPhase section */
		D63906111C5FBD110050CFCA /* Sources */ = {
			isa = PBXSourcesBuildPhase;
			buildActionMask = 2147483647;
			files = (
				D639061B1C5FBD110050CFCA /* ViewController.swift in Sources */,
				D63906191C5FBD110050CFCA /* AppDelegate.swift in Sources */,
			);
			runOnlyForDeploymentPostprocessing = 0;
		};
/* End PBXSourcesBuildPhase section */

/* Begin PBXVariantGroup section */
		D639061C1C5FBD110050CFCA /* Main.storyboard */ = {
			isa = PBXVariantGroup;
			children = (
				D639061D1C5FBD110050CFCA /* Base */,
			);
			name = Main.storyboard;
			sourceTree = "<group>";
		};
		D63906211C5FBD110050CFCA /* LaunchScreen.storyboard */ = {
			isa = PBXVariantGroup;
			children = (
				D63906221C5FBD110050CFCA /* Base */,
			);
			name = LaunchScreen.storyboard;
			sourceTree = "<group>";
		};
/* End PBXVariantGroup section */

/* Begin XCBuildConfiguration section */
		D63906251C5FBD110050CFCA /* Debug */ = {
			isa = XCBuildConfiguration;
			buildSettings = {
				ALWAYS_SEARCH_USER_PATHS = NO;
				CLANG_CXX_LANGUAGE_STANDARD = "gnu++0x";
				CLANG_CXX_LIBRARY = "libc++";
				CLANG_ENABLE_MODULES = YES;
				CLANG_ENABLE_OBJC_ARC = YES;
				CLANG_WARN_BLOCK_CAPTURE_AUTORELEASING = YES;
				CLANG_WARN_BOOL_CONVERSION = YES;
				CLANG_WARN_COMMA = YES;
				CLANG_WARN_CONSTANT_CONVERSION = YES;
				CLANG_WARN_DIRECT_OBJC_ISA_USAGE = YES_ERROR;
				CLANG_WARN_EMPTY_BODY = YES;
				CLANG_WARN_ENUM_CONVERSION = YES;
				CLANG_WARN_INFINITE_RECURSION = YES;
				CLANG_WARN_INT_CONVERSION = YES;
				CLANG_WARN_NON_LITERAL_NULL_CONVERSION = YES;
				CLANG_WARN_OBJC_LITERAL_CONVERSION = YES;
				CLANG_WARN_OBJC_ROOT_CLASS = YES_ERROR;
				CLANG_WARN_RANGE_LOOP_ANALYSIS = YES;
				CLANG_WARN_STRICT_PROTOTYPES = YES;
				CLANG_WARN_SUSPICIOUS_MOVE = YES;
				CLANG_WARN_UNREACHABLE_CODE = YES;
				CLANG_WARN__DUPLICATE_METHOD_MATCH = YES;
				"CODE_SIGN_IDENTITY[sdk=iphoneos*]" = "iPhone Developer";
				COPY_PHASE_STRIP = NO;
				DEBUG_INFORMATION_FORMAT = dwarf;
				ENABLE_STRICT_OBJC_MSGSEND = YES;
				ENABLE_TESTABILITY = YES;
				GCC_C_LANGUAGE_STANDARD = gnu99;
				GCC_DYNAMIC_NO_PIC = NO;
				GCC_NO_COMMON_BLOCKS = YES;
				GCC_OPTIMIZATION_LEVEL = 0;
				GCC_PREPROCESSOR_DEFINITIONS = (
					"DEBUG=1",
					"$(inherited)",
				);
				GCC_WARN_64_TO_32_BIT_CONVERSION = YES;
				GCC_WARN_ABOUT_RETURN_TYPE = YES_ERROR;
				GCC_WARN_UNDECLARED_SELECTOR = YES;
				GCC_WARN_UNINITIALIZED_AUTOS = YES_AGGRESSIVE;
				GCC_WARN_UNUSED_FUNCTION = YES;
				GCC_WARN_UNUSED_VARIABLE = YES;
				IPHONEOS_DEPLOYMENT_TARGET = 9.2;
				MTL_ENABLE_DEBUG_INFO = YES;
				ONLY_ACTIVE_ARCH = YES;
				SDKROOT = iphoneos;
				SWIFT_OPTIMIZATION_LEVEL = "-Onone";
				SWIFT_VERSION = 3.0;
				TARGETED_DEVICE_FAMILY = "1,2";
			};
			name = Debug;
		};
		D63906261C5FBD110050CFCA /* Release */ = {
			isa = XCBuildConfiguration;
			buildSettings = {
				ALWAYS_SEARCH_USER_PATHS = NO;
				CLANG_CXX_LANGUAGE_STANDARD = "gnu++0x";
				CLANG_CXX_LIBRARY = "libc++";
				CLANG_ENABLE_MODULES = YES;
				CLANG_ENABLE_OBJC_ARC = YES;
				CLANG_WARN_BLOCK_CAPTURE_AUTORELEASING = YES;
				CLANG_WARN_BOOL_CONVERSION = YES;
				CLANG_WARN_COMMA = YES;
				CLANG_WARN_CONSTANT_CONVERSION = YES;
				CLANG_WARN_DIRECT_OBJC_ISA_USAGE = YES_ERROR;
				CLANG_WARN_EMPTY_BODY = YES;
				CLANG_WARN_ENUM_CONVERSION = YES;
				CLANG_WARN_INFINITE_RECURSION = YES;
				CLANG_WARN_INT_CONVERSION = YES;
				CLANG_WARN_NON_LITERAL_NULL_CONVERSION = YES;
				CLANG_WARN_OBJC_LITERAL_CONVERSION = YES;
				CLANG_WARN_OBJC_ROOT_CLASS = YES_ERROR;
				CLANG_WARN_RANGE_LOOP_ANALYSIS = YES;
				CLANG_WARN_STRICT_PROTOTYPES = YES;
				CLANG_WARN_SUSPICIOUS_MOVE = YES;
				CLANG_WARN_UNREACHABLE_CODE = YES;
				CLANG_WARN__DUPLICATE_METHOD_MATCH = YES;
				"CODE_SIGN_IDENTITY[sdk=iphoneos*]" = "iPhone Developer";
				COPY_PHASE_STRIP = NO;
				DEBUG_INFORMATION_FORMAT = "dwarf-with-dsym";
				ENABLE_NS_ASSERTIONS = NO;
				ENABLE_STRICT_OBJC_MSGSEND = YES;
				GCC_C_LANGUAGE_STANDARD = gnu99;
				GCC_NO_COMMON_BLOCKS = YES;
				GCC_WARN_64_TO_32_BIT_CONVERSION = YES;
				GCC_WARN_ABOUT_RETURN_TYPE = YES_ERROR;
				GCC_WARN_UNDECLARED_SELECTOR = YES;
				GCC_WARN_UNINITIALIZED_AUTOS = YES_AGGRESSIVE;
				GCC_WARN_UNUSED_FUNCTION = YES;
				GCC_WARN_UNUSED_VARIABLE = YES;
				IPHONEOS_DEPLOYMENT_TARGET = 9.2;
				MTL_ENABLE_DEBUG_INFO = NO;
				SDKROOT = iphoneos;
				SWIFT_OPTIMIZATION_LEVEL = "-Owholemodule";
				SWIFT_VERSION = 3.0;
				TARGETED_DEVICE_FAMILY = "1,2";
				VALIDATE_PRODUCT = YES;
			};
			name = Release;
		};
		D63906281C5FBD110050CFCA /* Debug */ = {
			isa = XCBuildConfiguration;
			buildSettings = {
				ASSETCATALOG_COMPILER_APPICON_NAME = AppIcon;
				DEVELOPMENT_TEAM = "";
				INFOPLIST_FILE = "AutoLayout UIStackView in UIScrollView/Info.plist";
				LD_RUNPATH_SEARCH_PATHS = "$(inherited) @executable_path/Frameworks";
				PRODUCT_BUNDLE_IDENTIFIER = "com.arjandeveloping.AutoLayout-UIStackView-in-UIScrollView";
				PRODUCT_NAME = "$(TARGET_NAME)";
				SWIFT_SWIFT3_OBJC_INFERENCE = Default;
				SWIFT_VERSION = 4.0;
			};
			name = Debug;
		};
		D63906291C5FBD110050CFCA /* Release */ = {
			isa = XCBuildConfiguration;
			buildSettings = {
				ASSETCATALOG_COMPILER_APPICON_NAME = AppIcon;
				DEVELOPMENT_TEAM = "";
				INFOPLIST_FILE = "AutoLayout UIStackView in UIScrollView/Info.plist";
				LD_RUNPATH_SEARCH_PATHS = "$(inherited) @executable_path/Frameworks";
				PRODUCT_BUNDLE_IDENTIFIER = "com.arjandeveloping.AutoLayout-UIStackView-in-UIScrollView";
				PRODUCT_NAME = "$(TARGET_NAME)";
				SWIFT_SWIFT3_OBJC_INFERENCE = Default;
				SWIFT_VERSION = 4.0;
			};
			name = Release;
		};
/* End XCBuildConfiguration section */

/* Begin XCConfigurationList section */
		D63906101C5FBD110050CFCA /* Build configuration list for PBXProject "AutoLayout UIStackView in UIScrollView" */ = {
			isa = XCConfigurationList;
			buildConfigurations = (
				D63906251C5FBD110050CFCA /* Debug */,
				D63906261C5FBD110050CFCA /* Release */,
			);
			defaultConfigurationIsVisible = 0;
			defaultConfigurationName = Release;
		};
		D63906271C5FBD110050CFCA /* Build configuration list for PBXNativeTarget "AutoLayout UIStackView in UIScrollView" */ = {
			isa = XCConfigurationList;
			buildConfigurations = (
				D63906281C5FBD110050CFCA /* Debug */,
				D63906291C5FBD110050CFCA /* Release */,
			);
			defaultConfigurationIsVisible = 0;
			defaultConfigurationName = Release;
		};
/* End XCConfigurationList section */
	};
	rootObject = D639060D1C5FBD110050CFCA /* Project object */;
}
